// !$*UTF8*$!
{
	archiveVersion = 1;
	classes = {
	};
	objectVersion = 46;
	objects = {

/* Begin PBXBuildFile section */
		03F8A5FF1CAD8A4C009C6106 /* SearchTableViewCell.swift in Sources */ = {isa = PBXBuildFile; fileRef = 03F8A5FE1CAD8A4C009C6106 /* SearchTableViewCell.swift */; };
		230102301CAF26B4005642F2 /* Website.swift in Sources */ = {isa = PBXBuildFile; fileRef = 2301022A1CAF26B4005642F2 /* Website.swift */; };
		230102321CAF26B4005642F2 /* Problem.swift in Sources */ = {isa = PBXBuildFile; fileRef = 2301022C1CAF26B4005642F2 /* Problem.swift */; };
		230102341CAF26B4005642F2 /* Contest.swift in Sources */ = {isa = PBXBuildFile; fileRef = 2301022E1CAF26B4005642F2 /* Contest.swift */; };
		230102361CAF270D005642F2 /* Utilities.swift in Sources */ = {isa = PBXBuildFile; fileRef = 230102351CAF270D005642F2 /* Utilities.swift */; };
		23913DF01C6FE1E90038BA34 /* Bolts.framework in Frameworks */ = {isa = PBXBuildFile; fileRef = 23913DEE1C6FE1E90038BA34 /* Bolts.framework */; };
		23913DF11C6FE1E90038BA34 /* Parse.framework in Frameworks */ = {isa = PBXBuildFile; fileRef = 23913DEF1C6FE1E90038BA34 /* Parse.framework */; };
		23913DF31C6FE2300038BA34 /* AudioToolbox.framework in Frameworks */ = {isa = PBXBuildFile; fileRef = 23913DF21C6FE2300038BA34 /* AudioToolbox.framework */; };
		23913DF51C6FE2360038BA34 /* CFNetwork.framework in Frameworks */ = {isa = PBXBuildFile; fileRef = 23913DF41C6FE2360038BA34 /* CFNetwork.framework */; };
		23913DF71C6FE23C0038BA34 /* CoreGraphics.framework in Frameworks */ = {isa = PBXBuildFile; fileRef = 23913DF61C6FE23C0038BA34 /* CoreGraphics.framework */; };
		23913DF91C6FE2440038BA34 /* CoreLocation.framework in Frameworks */ = {isa = PBXBuildFile; fileRef = 23913DF81C6FE2440038BA34 /* CoreLocation.framework */; };
		23913DFB1C6FE2490038BA34 /* QuartzCore.framework in Frameworks */ = {isa = PBXBuildFile; fileRef = 23913DFA1C6FE2490038BA34 /* QuartzCore.framework */; };
		23913DFD1C6FE2500038BA34 /* Security.framework in Frameworks */ = {isa = PBXBuildFile; fileRef = 23913DFC1C6FE2500038BA34 /* Security.framework */; };
		23913DFF1C6FE2560038BA34 /* StoreKit.framework in Frameworks */ = {isa = PBXBuildFile; fileRef = 23913DFE1C6FE2560038BA34 /* StoreKit.framework */; };
		23913E011C6FE25F0038BA34 /* SystemConfiguration.framework in Frameworks */ = {isa = PBXBuildFile; fileRef = 23913E001C6FE25F0038BA34 /* SystemConfiguration.framework */; };
		23913E031C6FE2660038BA34 /* libz.tbd in Frameworks */ = {isa = PBXBuildFile; fileRef = 23913E021C6FE2660038BA34 /* libz.tbd */; };
		23913E051C6FE26B0038BA34 /* libsqlite3.tbd in Frameworks */ = {isa = PBXBuildFile; fileRef = 23913E041C6FE26B0038BA34 /* libsqlite3.tbd */; };
		23D105D21CA9AE990073A669 /* AppDelegate.swift in Sources */ = {isa = PBXBuildFile; fileRef = 23D1056F1CA9AE990073A669 /* AppDelegate.swift */; };
		23D105DB1CA9AE990073A669 /* MainDatabases.xcdatamodeld in Sources */ = {isa = PBXBuildFile; fileRef = 23D1057C1CA9AE990073A669 /* MainDatabases.xcdatamodeld */; };
		23D105DC1CA9AE990073A669 /* DataTableViewCell.xib in Resources */ = {isa = PBXBuildFile; fileRef = 23D1057E1CA9AE990073A669 /* DataTableViewCell.xib */; };
		23D105DD1CA9AE990073A669 /* String.swift in Sources */ = {isa = PBXBuildFile; fileRef = 23D105801CA9AE990073A669 /* String.swift */; };
		23D105DE1CA9AE990073A669 /* UIApplication.swift in Sources */ = {isa = PBXBuildFile; fileRef = 23D105811CA9AE990073A669 /* UIApplication.swift */; };
		23D105DF1CA9AE990073A669 /* UIColor.swift in Sources */ = {isa = PBXBuildFile; fileRef = 23D105821CA9AE990073A669 /* UIColor.swift */; };
		23D105E01CA9AE990073A669 /* UIImage.swift in Sources */ = {isa = PBXBuildFile; fileRef = 23D105831CA9AE990073A669 /* UIImage.swift */; };
		23D105E11CA9AE990073A669 /* UIImageView.swift in Sources */ = {isa = PBXBuildFile; fileRef = 23D105841CA9AE990073A669 /* UIImageView.swift */; };
		23D105E21CA9AE990073A669 /* UITableViewExtension.swift in Sources */ = {isa = PBXBuildFile; fileRef = 23D105851CA9AE990073A669 /* UITableViewExtension.swift */; };
		23D105E31CA9AE990073A669 /* UIView.swift in Sources */ = {isa = PBXBuildFile; fileRef = 23D105861CA9AE990073A669 /* UIView.swift */; };
		23D105E41CA9AE990073A669 /* UIViewController.swift in Sources */ = {isa = PBXBuildFile; fileRef = 23D105871CA9AE990073A669 /* UIViewController.swift */; };
		23D105E51CA9AE990073A669 /* Info.plist in Resources */ = {isa = PBXBuildFile; fileRef = 23D105881CA9AE990073A669 /* Info.plist */; };
		23D105E61CA9AE990073A669 /* LaunchScreen.storyboard in Resources */ = {isa = PBXBuildFile; fileRef = 23D105891CA9AE990073A669 /* LaunchScreen.storyboard */; };
		23D105E71CA9AE990073A669 /* LaunchScreen.xib in Resources */ = {isa = PBXBuildFile; fileRef = 23D1058A1CA9AE990073A669 /* LaunchScreen.xib */; };
		23D105E81CA9AE990073A669 /* Main.storyboard in Resources */ = {isa = PBXBuildFile; fileRef = 23D1058B1CA9AE990073A669 /* Main.storyboard */; };
		23D105E91CA9AE990073A669 /* calendarIcon.png in Resources */ = {isa = PBXBuildFile; fileRef = 23D1058D1CA9AE990073A669 /* calendarIcon.png */; };
		23D105EA1CA9AE990073A669 /* Images.xcassets in Resources */ = {isa = PBXBuildFile; fileRef = 23D1058E1CA9AE990073A669 /* Images.xcassets */; };
		23D105EB1CA9AE990073A669 /* learderboard-29@3x.png in Resources */ = {isa = PBXBuildFile; fileRef = 23D1058F1CA9AE990073A669 /* learderboard-29@3x.png */; };
		23D105EC1CA9AE990073A669 /* none.jpg in Resources */ = {isa = PBXBuildFile; fileRef = 23D105901CA9AE990073A669 /* none.jpg */; };
		23D105ED1CA9AE990073A669 /* none.png in Resources */ = {isa = PBXBuildFile; fileRef = 23D105911CA9AE990073A669 /* none.png */; };
		23D105EE1CA9AE990073A669 /* note-29@3x.png in Resources */ = {isa = PBXBuildFile; fileRef = 23D105921CA9AE990073A669 /* note-29@3x.png */; };
		23D105EF1CA9AE990073A669 /* read-29@3x.png in Resources */ = {isa = PBXBuildFile; fileRef = 23D105931CA9AE990073A669 /* read-29@3x.png */; };
		23D105F01CA9AE990073A669 /* similar-29@3x.png in Resources */ = {isa = PBXBuildFile; fileRef = 23D105941CA9AE990073A669 /* similar-29@3x.png */; };
		23D105F11CA9AE990073A669 /* Website.csv in Resources */ = {isa = PBXBuildFile; fileRef = 23D105951CA9AE990073A669 /* Website.csv */; };
		23D105F21CA9AE990073A669 /* ACM ICPC_Logo.png in Resources */ = {isa = PBXBuildFile; fileRef = 23D105971CA9AE990073A669 /* ACM ICPC_Logo.png */; };
		23D105F31CA9AE990073A669 /* Al Zimmermann's_Logo.png in Resources */ = {isa = PBXBuildFile; fileRef = 23D105981CA9AE990073A669 /* Al Zimmermann's_Logo.png */; };
		23D105F41CA9AE990073A669 /* COCI_Logo.png in Resources */ = {isa = PBXBuildFile; fileRef = 23D105991CA9AE990073A669 /* COCI_Logo.png */; };
		23D105F51CA9AE990073A669 /* Codechef_Logo.png in Resources */ = {isa = PBXBuildFile; fileRef = 23D1059A1CA9AE990073A669 /* Codechef_Logo.png */; };
		23D105F61CA9AE990073A669 /* Codeforces_Logo.png in Resources */ = {isa = PBXBuildFile; fileRef = 23D1059B1CA9AE990073A669 /* Codeforces_Logo.png */; };
		23D105F71CA9AE990073A669 /* CodeinGame_Logo.png in Resources */ = {isa = PBXBuildFile; fileRef = 23D1059C1CA9AE990073A669 /* CodeinGame_Logo.png */; };
		23D105F81CA9AE990073A669 /* CTF Time_Logo.png in Resources */ = {isa = PBXBuildFile; fileRef = 23D1059D1CA9AE990073A669 /* CTF Time_Logo.png */; };
		23D105F91CA9AE990073A669 /* Deadline 24_Logo.gif in Resources */ = {isa = PBXBuildFile; fileRef = 23D1059E1CA9AE990073A669 /* Deadline 24_Logo.gif */; };
		23D105FA1CA9AE990073A669 /* DMOJ_Logo.png in Resources */ = {isa = PBXBuildFile; fileRef = 23D1059F1CA9AE990073A669 /* DMOJ_Logo.png */; };
		23D105FB1CA9AE990073A669 /* Facebook Hackercup_Logo.png in Resources */ = {isa = PBXBuildFile; fileRef = 23D105A01CA9AE990073A669 /* Facebook Hackercup_Logo.png */; };
		23D105FC1CA9AE990073A669 /* Facebook_Logo.png in Resources */ = {isa = PBXBuildFile; fileRef = 23D105A11CA9AE990073A669 /* Facebook_Logo.png */; };
		23D105FD1CA9AE990073A669 /* Google Codejam_Logo.png in Resources */ = {isa = PBXBuildFile; fileRef = 23D105A21CA9AE990073A669 /* Google Codejam_Logo.png */; };
		23D105FE1CA9AE990073A669 /* Google Hashcode_Logo.png in Resources */ = {isa = PBXBuildFile; fileRef = 23D105A31CA9AE990073A669 /* Google Hashcode_Logo.png */; };
		23D105FF1CA9AE990073A669 /* HackerEarth_Logo.png in Resources */ = {isa = PBXBuildFile; fileRef = 23D105A41CA9AE990073A669 /* HackerEarth_Logo.png */; };
		23D106001CA9AE990073A669 /* HackerRank_Logo.png in Resources */ = {isa = PBXBuildFile; fileRef = 23D105A51CA9AE990073A669 /* HackerRank_Logo.png */; };
		23D106011CA9AE990073A669 /* Infoarena_Logo.png in Resources */ = {isa = PBXBuildFile; fileRef = 23D105A61CA9AE990073A669 /* Infoarena_Logo.png */; };
		23D106021CA9AE990073A669 /* IOI_Logo.png in Resources */ = {isa = PBXBuildFile; fileRef = 23D105A71CA9AE990073A669 /* IOI_Logo.png */; };
		23D106031CA9AE990073A669 /* Light OJ_Logo.png in Resources */ = {isa = PBXBuildFile; fileRef = 23D105A81CA9AE990073A669 /* Light OJ_Logo.png */; };
		23D106041CA9AE990073A669 /* POI_Logo.png in Resources */ = {isa = PBXBuildFile; fileRef = 23D105A91CA9AE990073A669 /* POI_Logo.png */; };
		23D106051CA9AE990073A669 /* Project Euler_Logo.png in Resources */ = {isa = PBXBuildFile; fileRef = 23D105AA1CA9AE990073A669 /* Project Euler_Logo.png */; };
		23D106061CA9AE990073A669 /* SPOJ_Logo.png in Resources */ = {isa = PBXBuildFile; fileRef = 23D105AB1CA9AE990073A669 /* SPOJ_Logo.png */; };
		23D106071CA9AE990073A669 /* Timus OJ_Logo.png in Resources */ = {isa = PBXBuildFile; fileRef = 23D105AC1CA9AE990073A669 /* Timus OJ_Logo.png */; };
		23D106081CA9AE990073A669 /* Topcoder_Logo.png in Resources */ = {isa = PBXBuildFile; fileRef = 23D105AD1CA9AE990073A669 /* Topcoder_Logo.png */; };
		23D106091CA9AE990073A669 /* USACO_logo.png in Resources */ = {isa = PBXBuildFile; fileRef = 23D105AE1CA9AE990073A669 /* USACO_logo.png */; };
		23D1060A1CA9AE990073A669 /* UVa OJ_Logo.png in Resources */ = {isa = PBXBuildFile; fileRef = 23D105AF1CA9AE990073A669 /* UVa OJ_Logo.png */; };
		23D1060B1CA9AE990073A669 /* Yandex_Logo.png in Resources */ = {isa = PBXBuildFile; fileRef = 23D105B01CA9AE990073A669 /* Yandex_Logo.png */; };
		23D1060C1CA9AE990073A669 /* X_Logo.jpg in Resources */ = {isa = PBXBuildFile; fileRef = 23D105B11CA9AE990073A669 /* X_Logo.jpg */; };
		23D1060D1CA9AE990073A669 /* SubContentsViewController.storyboard in Resources */ = {isa = PBXBuildFile; fileRef = 23D105B21CA9AE990073A669 /* SubContentsViewController.storyboard */; };
		23D1060E1CA9AE990073A669 /* ImageHeaderView.swift in Sources */ = {isa = PBXBuildFile; fileRef = 23D105B41CA9AE990073A669 /* ImageHeaderView.swift */; };
		23D1060F1CA9AE990073A669 /* ImageHeaderView.xib in Resources */ = {isa = PBXBuildFile; fileRef = 23D105B51CA9AE990073A669 /* ImageHeaderView.xib */; };
		23D106101CA9AE990073A669 /* BaseTableViewCell.swift in Sources */ = {isa = PBXBuildFile; fileRef = 23D105B71CA9AE990073A669 /* BaseTableViewCell.swift */; };
		23D106111CA9AE990073A669 /* CFViewController.swift in Sources */ = {isa = PBXBuildFile; fileRef = 23D105B81CA9AE990073A669 /* CFViewController.swift */; };
		23D106121CA9AE990073A669 /* ContestContentViewController.swift in Sources */ = {isa = PBXBuildFile; fileRef = 23D105B91CA9AE990073A669 /* ContestContentViewController.swift */; };
		23D106131CA9AE990073A669 /* ContestTableViewCell.swift in Sources */ = {isa = PBXBuildFile; fileRef = 23D105BA1CA9AE990073A669 /* ContestTableViewCell.swift */; };
		23D106141CA9AE990073A669 /* ContestTableViewController.swift in Sources */ = {isa = PBXBuildFile; fileRef = 23D105BB1CA9AE990073A669 /* ContestTableViewController.swift */; };
		23D106151CA9AE990073A669 /* DataTableViewCell.swift in Sources */ = {isa = PBXBuildFile; fileRef = 23D105BC1CA9AE990073A669 /* DataTableViewCell.swift */; };
		23D106161CA9AE990073A669 /* ExSlideMenuController.swift in Sources */ = {isa = PBXBuildFile; fileRef = 23D105BD1CA9AE990073A669 /* ExSlideMenuController.swift */; };
		23D106171CA9AE990073A669 /* FilterTableViewCell.swift in Sources */ = {isa = PBXBuildFile; fileRef = 23D105BE1CA9AE990073A669 /* FilterTableViewCell.swift */; };
		23D106181CA9AE990073A669 /* FilterTableViewController.swift in Sources */ = {isa = PBXBuildFile; fileRef = 23D105BF1CA9AE990073A669 /* FilterTableViewController.swift */; };
		23D106191CA9AE990073A669 /* FriendsTableViewController.swift in Sources */ = {isa = PBXBuildFile; fileRef = 23D105C01CA9AE990073A669 /* FriendsTableViewController.swift */; };
		23D1061A1CA9AE990073A669 /* GoViewController.swift in Sources */ = {isa = PBXBuildFile; fileRef = 23D105C11CA9AE990073A669 /* GoViewController.swift */; };
		23D1061B1CA9AE990073A669 /* LeftViewController.swift in Sources */ = {isa = PBXBuildFile; fileRef = 23D105C21CA9AE990073A669 /* LeftViewController.swift */; };
		23D1061C1CA9AE990073A669 /* LoginViewController.swift in Sources */ = {isa = PBXBuildFile; fileRef = 23D105C31CA9AE990073A669 /* LoginViewController.swift */; };
		23D1061D1CA9AE990073A669 /* MainViewController.swift in Sources */ = {isa = PBXBuildFile; fileRef = 23D105C41CA9AE990073A669 /* MainViewController.swift */; };
		23D1061E1CA9AE990073A669 /* NonMenuController.swift in Sources */ = {isa = PBXBuildFile; fileRef = 23D105C51CA9AE990073A669 /* NonMenuController.swift */; };
		23D1061F1CA9AE990073A669 /* NoteTakingVC.swift in Sources */ = {isa = PBXBuildFile; fileRef = 23D105C61CA9AE990073A669 /* NoteTakingVC.swift */; };
		23D106201CA9AE990073A669 /* ProblemStatementVC.swift in Sources */ = {isa = PBXBuildFile; fileRef = 23D105C71CA9AE990073A669 /* ProblemStatementVC.swift */; };
		23D106211CA9AE990073A669 /* ProblemTabBarController.swift in Sources */ = {isa = PBXBuildFile; fileRef = 23D105C81CA9AE990073A669 /* ProblemTabBarController.swift */; };
		23D106221CA9AE990073A669 /* ProblemViewController.swift in Sources */ = {isa = PBXBuildFile; fileRef = 23D105C91CA9AE990073A669 /* ProblemViewController.swift */; };
		23D106231CA9AE990073A669 /* RegisterViewController.swift in Sources */ = {isa = PBXBuildFile; fileRef = 23D105CA1CA9AE990073A669 /* RegisterViewController.swift */; };
		23D106241CA9AE990073A669 /* RightViewController.swift in Sources */ = {isa = PBXBuildFile; fileRef = 23D105CB1CA9AE990073A669 /* RightViewController.swift */; };
		23D106251CA9AE990073A669 /* SearchTableViewController.swift in Sources */ = {isa = PBXBuildFile; fileRef = 23D105CC1CA9AE990073A669 /* SearchTableViewController.swift */; };
		23D106261CA9AE990073A669 /* SearchViewController.swift in Sources */ = {isa = PBXBuildFile; fileRef = 23D105CD1CA9AE990073A669 /* SearchViewController.swift */; };
		23D106271CA9AE990073A669 /* SlideMenuController.swift in Sources */ = {isa = PBXBuildFile; fileRef = 23D105CE1CA9AE990073A669 /* SlideMenuController.swift */; };
		23D106281CA9AE990073A669 /* SubContentsViewController.swift in Sources */ = {isa = PBXBuildFile; fileRef = 23D105D01CA9AE990073A669 /* SubContentsViewController.swift */; };
		23D106291CA9AE990073A669 /* SwiftViewController.swift in Sources */ = {isa = PBXBuildFile; fileRef = 23D105D11CA9AE990073A669 /* SwiftViewController.swift */; };
		A11FF15F037840137FEA20AB /* Pods.framework in Frameworks */ = {isa = PBXBuildFile; fileRef = C78FF813205CD7420EFA632B /* Pods.framework */; };
/* End PBXBuildFile section */

/* Begin PBXFileReference section */
		03F8A5FE1CAD8A4C009C6106 /* SearchTableViewCell.swift */ = {isa = PBXFileReference; fileEncoding = 4; lastKnownFileType = sourcecode.swift; path = SearchTableViewCell.swift; sourceTree = "<group>"; };
		2301022A1CAF26B4005642F2 /* Website.swift */ = {isa = PBXFileReference; fileEncoding = 4; lastKnownFileType = sourcecode.swift; path = Website.swift; sourceTree = "<group>"; };
		2301022C1CAF26B4005642F2 /* Problem.swift */ = {isa = PBXFileReference; fileEncoding = 4; lastKnownFileType = sourcecode.swift; path = Problem.swift; sourceTree = "<group>"; };
		2301022E1CAF26B4005642F2 /* Contest.swift */ = {isa = PBXFileReference; fileEncoding = 4; lastKnownFileType = sourcecode.swift; path = Contest.swift; sourceTree = "<group>"; };
		230102351CAF270D005642F2 /* Utilities.swift */ = {isa = PBXFileReference; fileEncoding = 4; lastKnownFileType = sourcecode.swift; path = Utilities.swift; sourceTree = "<group>"; };
		23913DD41C6FE1320038BA34 /* Unagi.app */ = {isa = PBXFileReference; explicitFileType = wrapper.application; includeInIndex = 0; path = Unagi.app; sourceTree = BUILT_PRODUCTS_DIR; };
		23913DEE1C6FE1E90038BA34 /* Bolts.framework */ = {isa = PBXFileReference; lastKnownFileType = wrapper.framework; path = Bolts.framework; sourceTree = "<group>"; };
		23913DEF1C6FE1E90038BA34 /* Parse.framework */ = {isa = PBXFileReference; lastKnownFileType = wrapper.framework; path = Parse.framework; sourceTree = "<group>"; };
		23913DF21C6FE2300038BA34 /* AudioToolbox.framework */ = {isa = PBXFileReference; lastKnownFileType = wrapper.framework; name = AudioToolbox.framework; path = System/Library/Frameworks/AudioToolbox.framework; sourceTree = SDKROOT; };
		23913DF41C6FE2360038BA34 /* CFNetwork.framework */ = {isa = PBXFileReference; lastKnownFileType = wrapper.framework; name = CFNetwork.framework; path = System/Library/Frameworks/CFNetwork.framework; sourceTree = SDKROOT; };
		23913DF61C6FE23C0038BA34 /* CoreGraphics.framework */ = {isa = PBXFileReference; lastKnownFileType = wrapper.framework; name = CoreGraphics.framework; path = System/Library/Frameworks/CoreGraphics.framework; sourceTree = SDKROOT; };
		23913DF81C6FE2440038BA34 /* CoreLocation.framework */ = {isa = PBXFileReference; lastKnownFileType = wrapper.framework; name = CoreLocation.framework; path = System/Library/Frameworks/CoreLocation.framework; sourceTree = SDKROOT; };
		23913DFA1C6FE2490038BA34 /* QuartzCore.framework */ = {isa = PBXFileReference; lastKnownFileType = wrapper.framework; name = QuartzCore.framework; path = System/Library/Frameworks/QuartzCore.framework; sourceTree = SDKROOT; };
		23913DFC1C6FE2500038BA34 /* Security.framework */ = {isa = PBXFileReference; lastKnownFileType = wrapper.framework; name = Security.framework; path = System/Library/Frameworks/Security.framework; sourceTree = SDKROOT; };
		23913DFE1C6FE2560038BA34 /* StoreKit.framework */ = {isa = PBXFileReference; lastKnownFileType = wrapper.framework; name = StoreKit.framework; path = System/Library/Frameworks/StoreKit.framework; sourceTree = SDKROOT; };
		23913E001C6FE25F0038BA34 /* SystemConfiguration.framework */ = {isa = PBXFileReference; lastKnownFileType = wrapper.framework; name = SystemConfiguration.framework; path = System/Library/Frameworks/SystemConfiguration.framework; sourceTree = SDKROOT; };
		23913E021C6FE2660038BA34 /* libz.tbd */ = {isa = PBXFileReference; lastKnownFileType = "sourcecode.text-based-dylib-definition"; name = libz.tbd; path = usr/lib/libz.tbd; sourceTree = SDKROOT; };
		23913E041C6FE26B0038BA34 /* libsqlite3.tbd */ = {isa = PBXFileReference; lastKnownFileType = "sourcecode.text-based-dylib-definition"; name = libsqlite3.tbd; path = usr/lib/libsqlite3.tbd; sourceTree = SDKROOT; };
		23D1056F1CA9AE990073A669 /* AppDelegate.swift */ = {isa = PBXFileReference; fileEncoding = 4; lastKnownFileType = sourcecode.swift; path = AppDelegate.swift; sourceTree = "<group>"; };
		23D1057D1CA9AE990073A669 /* MainDatabases.xcdatamodel */ = {isa = PBXFileReference; lastKnownFileType = wrapper.xcdatamodel; path = MainDatabases.xcdatamodel; sourceTree = "<group>"; };
		23D1057E1CA9AE990073A669 /* DataTableViewCell.xib */ = {isa = PBXFileReference; fileEncoding = 4; lastKnownFileType = file.xib; path = DataTableViewCell.xib; sourceTree = "<group>"; };
		23D105801CA9AE990073A669 /* String.swift */ = {isa = PBXFileReference; fileEncoding = 4; lastKnownFileType = sourcecode.swift; path = String.swift; sourceTree = "<group>"; };
		23D105811CA9AE990073A669 /* UIApplication.swift */ = {isa = PBXFileReference; fileEncoding = 4; lastKnownFileType = sourcecode.swift; path = UIApplication.swift; sourceTree = "<group>"; };
		23D105821CA9AE990073A669 /* UIColor.swift */ = {isa = PBXFileReference; fileEncoding = 4; lastKnownFileType = sourcecode.swift; path = UIColor.swift; sourceTree = "<group>"; };
		23D105831CA9AE990073A669 /* UIImage.swift */ = {isa = PBXFileReference; fileEncoding = 4; lastKnownFileType = sourcecode.swift; path = UIImage.swift; sourceTree = "<group>"; };
		23D105841CA9AE990073A669 /* UIImageView.swift */ = {isa = PBXFileReference; fileEncoding = 4; lastKnownFileType = sourcecode.swift; path = UIImageView.swift; sourceTree = "<group>"; };
		23D105851CA9AE990073A669 /* UITableViewExtension.swift */ = {isa = PBXFileReference; fileEncoding = 4; lastKnownFileType = sourcecode.swift; path = UITableViewExtension.swift; sourceTree = "<group>"; };
		23D105861CA9AE990073A669 /* UIView.swift */ = {isa = PBXFileReference; fileEncoding = 4; lastKnownFileType = sourcecode.swift; path = UIView.swift; sourceTree = "<group>"; };
		23D105871CA9AE990073A669 /* UIViewController.swift */ = {isa = PBXFileReference; fileEncoding = 4; lastKnownFileType = sourcecode.swift; path = UIViewController.swift; sourceTree = "<group>"; };
		23D105881CA9AE990073A669 /* Info.plist */ = {isa = PBXFileReference; fileEncoding = 4; lastKnownFileType = text.plist.xml; path = Info.plist; sourceTree = "<group>"; };
		23D105891CA9AE990073A669 /* LaunchScreen.storyboard */ = {isa = PBXFileReference; fileEncoding = 4; lastKnownFileType = file.storyboard; path = LaunchScreen.storyboard; sourceTree = "<group>"; };
		23D1058A1CA9AE990073A669 /* LaunchScreen.xib */ = {isa = PBXFileReference; fileEncoding = 4; lastKnownFileType = file.xib; path = LaunchScreen.xib; sourceTree = "<group>"; };
		23D1058B1CA9AE990073A669 /* Main.storyboard */ = {isa = PBXFileReference; fileEncoding = 4; lastKnownFileType = file.storyboard; path = Main.storyboard; sourceTree = "<group>"; };
		23D1058D1CA9AE990073A669 /* calendarIcon.png */ = {isa = PBXFileReference; lastKnownFileType = image.png; path = calendarIcon.png; sourceTree = "<group>"; };
		23D1058E1CA9AE990073A669 /* Images.xcassets */ = {isa = PBXFileReference; lastKnownFileType = folder.assetcatalog; path = Images.xcassets; sourceTree = "<group>"; };
		23D1058F1CA9AE990073A669 /* learderboard-29@3x.png */ = {isa = PBXFileReference; lastKnownFileType = image.png; path = "learderboard-29@3x.png"; sourceTree = "<group>"; };
		23D105901CA9AE990073A669 /* none.jpg */ = {isa = PBXFileReference; lastKnownFileType = image.jpeg; path = none.jpg; sourceTree = "<group>"; };
		23D105911CA9AE990073A669 /* none.png */ = {isa = PBXFileReference; lastKnownFileType = image.png; path = none.png; sourceTree = "<group>"; };
		23D105921CA9AE990073A669 /* note-29@3x.png */ = {isa = PBXFileReference; lastKnownFileType = image.png; path = "note-29@3x.png"; sourceTree = "<group>"; };
		23D105931CA9AE990073A669 /* read-29@3x.png */ = {isa = PBXFileReference; lastKnownFileType = image.png; path = "read-29@3x.png"; sourceTree = "<group>"; };
		23D105941CA9AE990073A669 /* similar-29@3x.png */ = {isa = PBXFileReference; lastKnownFileType = image.png; path = "similar-29@3x.png"; sourceTree = "<group>"; };
		23D105951CA9AE990073A669 /* Website.csv */ = {isa = PBXFileReference; fileEncoding = 4; lastKnownFileType = text; path = Website.csv; sourceTree = "<group>"; };
		23D105971CA9AE990073A669 /* ACM ICPC_Logo.png */ = {isa = PBXFileReference; lastKnownFileType = image.png; path = "ACM ICPC_Logo.png"; sourceTree = "<group>"; };
		23D105981CA9AE990073A669 /* Al Zimmermann's_Logo.png */ = {isa = PBXFileReference; lastKnownFileType = image.png; path = "Al Zimmermann's_Logo.png"; sourceTree = "<group>"; };
		23D105991CA9AE990073A669 /* COCI_Logo.png */ = {isa = PBXFileReference; lastKnownFileType = image.png; path = COCI_Logo.png; sourceTree = "<group>"; };
		23D1059A1CA9AE990073A669 /* Codechef_Logo.png */ = {isa = PBXFileReference; lastKnownFileType = image.png; path = Codechef_Logo.png; sourceTree = "<group>"; };
		23D1059B1CA9AE990073A669 /* Codeforces_Logo.png */ = {isa = PBXFileReference; lastKnownFileType = image.png; path = Codeforces_Logo.png; sourceTree = "<group>"; };
		23D1059C1CA9AE990073A669 /* CodeinGame_Logo.png */ = {isa = PBXFileReference; lastKnownFileType = image.png; path = CodeinGame_Logo.png; sourceTree = "<group>"; };
		23D1059D1CA9AE990073A669 /* CTF Time_Logo.png */ = {isa = PBXFileReference; lastKnownFileType = image.png; path = "CTF Time_Logo.png"; sourceTree = "<group>"; };
		23D1059E1CA9AE990073A669 /* Deadline 24_Logo.gif */ = {isa = PBXFileReference; lastKnownFileType = image.gif; path = "Deadline 24_Logo.gif"; sourceTree = "<group>"; };
		23D1059F1CA9AE990073A669 /* DMOJ_Logo.png */ = {isa = PBXFileReference; lastKnownFileType = image.png; path = DMOJ_Logo.png; sourceTree = "<group>"; };
		23D105A01CA9AE990073A669 /* Facebook Hackercup_Logo.png */ = {isa = PBXFileReference; lastKnownFileType = image.png; path = "Facebook Hackercup_Logo.png"; sourceTree = "<group>"; };
		23D105A11CA9AE990073A669 /* Facebook_Logo.png */ = {isa = PBXFileReference; lastKnownFileType = image.png; path = Facebook_Logo.png; sourceTree = "<group>"; };
		23D105A21CA9AE990073A669 /* Google Codejam_Logo.png */ = {isa = PBXFileReference; lastKnownFileType = image.png; path = "Google Codejam_Logo.png"; sourceTree = "<group>"; };
		23D105A31CA9AE990073A669 /* Google Hashcode_Logo.png */ = {isa = PBXFileReference; lastKnownFileType = image.png; path = "Google Hashcode_Logo.png"; sourceTree = "<group>"; };
		23D105A41CA9AE990073A669 /* HackerEarth_Logo.png */ = {isa = PBXFileReference; lastKnownFileType = image.png; path = HackerEarth_Logo.png; sourceTree = "<group>"; };
		23D105A51CA9AE990073A669 /* HackerRank_Logo.png */ = {isa = PBXFileReference; lastKnownFileType = image.png; path = HackerRank_Logo.png; sourceTree = "<group>"; };
		23D105A61CA9AE990073A669 /* Infoarena_Logo.png */ = {isa = PBXFileReference; lastKnownFileType = image.png; path = Infoarena_Logo.png; sourceTree = "<group>"; };
		23D105A71CA9AE990073A669 /* IOI_Logo.png */ = {isa = PBXFileReference; lastKnownFileType = image.png; path = IOI_Logo.png; sourceTree = "<group>"; };
		23D105A81CA9AE990073A669 /* Light OJ_Logo.png */ = {isa = PBXFileReference; lastKnownFileType = image.png; path = "Light OJ_Logo.png"; sourceTree = "<group>"; };
		23D105A91CA9AE990073A669 /* POI_Logo.png */ = {isa = PBXFileReference; lastKnownFileType = image.png; path = POI_Logo.png; sourceTree = "<group>"; };
		23D105AA1CA9AE990073A669 /* Project Euler_Logo.png */ = {isa = PBXFileReference; lastKnownFileType = image.png; path = "Project Euler_Logo.png"; sourceTree = "<group>"; };
		23D105AB1CA9AE990073A669 /* SPOJ_Logo.png */ = {isa = PBXFileReference; lastKnownFileType = image.png; path = SPOJ_Logo.png; sourceTree = "<group>"; };
		23D105AC1CA9AE990073A669 /* Timus OJ_Logo.png */ = {isa = PBXFileReference; lastKnownFileType = image.png; path = "Timus OJ_Logo.png"; sourceTree = "<group>"; };
		23D105AD1CA9AE990073A669 /* Topcoder_Logo.png */ = {isa = PBXFileReference; lastKnownFileType = image.png; path = Topcoder_Logo.png; sourceTree = "<group>"; };
		23D105AE1CA9AE990073A669 /* USACO_logo.png */ = {isa = PBXFileReference; lastKnownFileType = image.png; path = USACO_logo.png; sourceTree = "<group>"; };
		23D105AF1CA9AE990073A669 /* UVa OJ_Logo.png */ = {isa = PBXFileReference; lastKnownFileType = image.png; path = "UVa OJ_Logo.png"; sourceTree = "<group>"; };
		23D105B01CA9AE990073A669 /* Yandex_Logo.png */ = {isa = PBXFileReference; lastKnownFileType = image.png; path = Yandex_Logo.png; sourceTree = "<group>"; };
		23D105B11CA9AE990073A669 /* X_Logo.jpg */ = {isa = PBXFileReference; lastKnownFileType = image.jpeg; path = X_Logo.jpg; sourceTree = "<group>"; };
		23D105B21CA9AE990073A669 /* SubContentsViewController.storyboard */ = {isa = PBXFileReference; fileEncoding = 4; lastKnownFileType = file.storyboard; path = SubContentsViewController.storyboard; sourceTree = "<group>"; };
		23D105B41CA9AE990073A669 /* ImageHeaderView.swift */ = {isa = PBXFileReference; fileEncoding = 4; lastKnownFileType = sourcecode.swift; path = ImageHeaderView.swift; sourceTree = "<group>"; };
		23D105B51CA9AE990073A669 /* ImageHeaderView.xib */ = {isa = PBXFileReference; fileEncoding = 4; lastKnownFileType = file.xib; path = ImageHeaderView.xib; sourceTree = "<group>"; };
		23D105B71CA9AE990073A669 /* BaseTableViewCell.swift */ = {isa = PBXFileReference; fileEncoding = 4; lastKnownFileType = sourcecode.swift; path = BaseTableViewCell.swift; sourceTree = "<group>"; };
		23D105B81CA9AE990073A669 /* CFViewController.swift */ = {isa = PBXFileReference; fileEncoding = 4; lastKnownFileType = sourcecode.swift; path = CFViewController.swift; sourceTree = "<group>"; };
		23D105B91CA9AE990073A669 /* ContestContentViewController.swift */ = {isa = PBXFileReference; fileEncoding = 4; lastKnownFileType = sourcecode.swift; path = ContestContentViewController.swift; sourceTree = "<group>"; };
		23D105BA1CA9AE990073A669 /* ContestTableViewCell.swift */ = {isa = PBXFileReference; fileEncoding = 4; lastKnownFileType = sourcecode.swift; path = ContestTableViewCell.swift; sourceTree = "<group>"; };
		23D105BB1CA9AE990073A669 /* ContestTableViewController.swift */ = {isa = PBXFileReference; fileEncoding = 4; lastKnownFileType = sourcecode.swift; path = ContestTableViewController.swift; sourceTree = "<group>"; };
		23D105BC1CA9AE990073A669 /* DataTableViewCell.swift */ = {isa = PBXFileReference; fileEncoding = 4; lastKnownFileType = sourcecode.swift; path = DataTableViewCell.swift; sourceTree = "<group>"; };
		23D105BD1CA9AE990073A669 /* ExSlideMenuController.swift */ = {isa = PBXFileReference; fileEncoding = 4; lastKnownFileType = sourcecode.swift; path = ExSlideMenuController.swift; sourceTree = "<group>"; };
		23D105BE1CA9AE990073A669 /* FilterTableViewCell.swift */ = {isa = PBXFileReference; fileEncoding = 4; lastKnownFileType = sourcecode.swift; path = FilterTableViewCell.swift; sourceTree = "<group>"; };
		23D105BF1CA9AE990073A669 /* FilterTableViewController.swift */ = {isa = PBXFileReference; fileEncoding = 4; lastKnownFileType = sourcecode.swift; path = FilterTableViewController.swift; sourceTree = "<group>"; };
		23D105C01CA9AE990073A669 /* FriendsTableViewController.swift */ = {isa = PBXFileReference; fileEncoding = 4; lastKnownFileType = sourcecode.swift; path = FriendsTableViewController.swift; sourceTree = "<group>"; };
		23D105C11CA9AE990073A669 /* GoViewController.swift */ = {isa = PBXFileReference; fileEncoding = 4; lastKnownFileType = sourcecode.swift; path = GoViewController.swift; sourceTree = "<group>"; };
		23D105C21CA9AE990073A669 /* LeftViewController.swift */ = {isa = PBXFileReference; fileEncoding = 4; lastKnownFileType = sourcecode.swift; path = LeftViewController.swift; sourceTree = "<group>"; };
		23D105C31CA9AE990073A669 /* LoginViewController.swift */ = {isa = PBXFileReference; fileEncoding = 4; lastKnownFileType = sourcecode.swift; path = LoginViewController.swift; sourceTree = "<group>"; };
		23D105C41CA9AE990073A669 /* MainViewController.swift */ = {isa = PBXFileReference; fileEncoding = 4; lastKnownFileType = sourcecode.swift; path = MainViewController.swift; sourceTree = "<group>"; };
		23D105C51CA9AE990073A669 /* NonMenuController.swift */ = {isa = PBXFileReference; fileEncoding = 4; lastKnownFileType = sourcecode.swift; path = NonMenuController.swift; sourceTree = "<group>"; };
		23D105C61CA9AE990073A669 /* NoteTakingVC.swift */ = {isa = PBXFileReference; fileEncoding = 4; lastKnownFileType = sourcecode.swift; path = NoteTakingVC.swift; sourceTree = "<group>"; };
		23D105C71CA9AE990073A669 /* ProblemStatementVC.swift */ = {isa = PBXFileReference; fileEncoding = 4; lastKnownFileType = sourcecode.swift; path = ProblemStatementVC.swift; sourceTree = "<group>"; };
		23D105C81CA9AE990073A669 /* ProblemTabBarController.swift */ = {isa = PBXFileReference; fileEncoding = 4; lastKnownFileType = sourcecode.swift; path = ProblemTabBarController.swift; sourceTree = "<group>"; };
		23D105C91CA9AE990073A669 /* ProblemViewController.swift */ = {isa = PBXFileReference; fileEncoding = 4; lastKnownFileType = sourcecode.swift; path = ProblemViewController.swift; sourceTree = "<group>"; };
		23D105CA1CA9AE990073A669 /* RegisterViewController.swift */ = {isa = PBXFileReference; fileEncoding = 4; lastKnownFileType = sourcecode.swift; path = RegisterViewController.swift; sourceTree = "<group>"; };
		23D105CB1CA9AE990073A669 /* RightViewController.swift */ = {isa = PBXFileReference; fileEncoding = 4; lastKnownFileType = sourcecode.swift; path = RightViewController.swift; sourceTree = "<group>"; };
		23D105CC1CA9AE990073A669 /* SearchTableViewController.swift */ = {isa = PBXFileReference; fileEncoding = 4; lastKnownFileType = sourcecode.swift; path = SearchTableViewController.swift; sourceTree = "<group>"; };
		23D105CD1CA9AE990073A669 /* SearchViewController.swift */ = {isa = PBXFileReference; fileEncoding = 4; lastKnownFileType = sourcecode.swift; path = SearchViewController.swift; sourceTree = "<group>"; };
		23D105CE1CA9AE990073A669 /* SlideMenuController.swift */ = {isa = PBXFileReference; fileEncoding = 4; lastKnownFileType = sourcecode.swift; path = SlideMenuController.swift; sourceTree = "<group>"; };
		23D105CF1CA9AE990073A669 /* SlideMenuControllerSwift.h */ = {isa = PBXFileReference; fileEncoding = 4; lastKnownFileType = sourcecode.c.h; path = SlideMenuControllerSwift.h; sourceTree = "<group>"; };
		23D105D01CA9AE990073A669 /* SubContentsViewController.swift */ = {isa = PBXFileReference; fileEncoding = 4; lastKnownFileType = sourcecode.swift; path = SubContentsViewController.swift; sourceTree = "<group>"; };
		23D105D11CA9AE990073A669 /* SwiftViewController.swift */ = {isa = PBXFileReference; fileEncoding = 4; lastKnownFileType = sourcecode.swift; path = SwiftViewController.swift; sourceTree = "<group>"; };
		C413E3F9A54F4AB95D3B95D5 /* Pods.debug.xcconfig */ = {isa = PBXFileReference; includeInIndex = 1; lastKnownFileType = text.xcconfig; name = Pods.debug.xcconfig; path = "Pods/Target Support Files/Pods/Pods.debug.xcconfig"; sourceTree = "<group>"; };
		C78FF813205CD7420EFA632B /* Pods.framework */ = {isa = PBXFileReference; explicitFileType = wrapper.framework; includeInIndex = 0; path = Pods.framework; sourceTree = BUILT_PRODUCTS_DIR; };
		E28B0303D47BAE529FD1BDE5 /* Pods.release.xcconfig */ = {isa = PBXFileReference; includeInIndex = 1; lastKnownFileType = text.xcconfig; name = Pods.release.xcconfig; path = "Pods/Target Support Files/Pods/Pods.release.xcconfig"; sourceTree = "<group>"; };
/* End PBXFileReference section */

/* Begin PBXFrameworksBuildPhase section */
		23913DD11C6FE1320038BA34 /* Frameworks */ = {
			isa = PBXFrameworksBuildPhase;
			buildActionMask = 2147483647;
			files = (
				23913E051C6FE26B0038BA34 /* libsqlite3.tbd in Frameworks */,
				23913E031C6FE2660038BA34 /* libz.tbd in Frameworks */,
				23913E011C6FE25F0038BA34 /* SystemConfiguration.framework in Frameworks */,
				23913DFF1C6FE2560038BA34 /* StoreKit.framework in Frameworks */,
				23913DFD1C6FE2500038BA34 /* Security.framework in Frameworks */,
				23913DFB1C6FE2490038BA34 /* QuartzCore.framework in Frameworks */,
				23913DF91C6FE2440038BA34 /* CoreLocation.framework in Frameworks */,
				23913DF71C6FE23C0038BA34 /* CoreGraphics.framework in Frameworks */,
				23913DF51C6FE2360038BA34 /* CFNetwork.framework in Frameworks */,
				23913DF31C6FE2300038BA34 /* AudioToolbox.framework in Frameworks */,
				23913DF11C6FE1E90038BA34 /* Parse.framework in Frameworks */,
				23913DF01C6FE1E90038BA34 /* Bolts.framework in Frameworks */,
				A11FF15F037840137FEA20AB /* Pods.framework in Frameworks */,
			);
			runOnlyForDeploymentPostprocessing = 0;
		};
/* End PBXFrameworksBuildPhase section */

/* Begin PBXGroup section */
		23426A6C1C9B48AD00709C97 /* Frameworks */ = {
			isa = PBXGroup;
			children = (
				23913E001C6FE25F0038BA34 /* SystemConfiguration.framework */,
				23913DFE1C6FE2560038BA34 /* StoreKit.framework */,
				23913DFC1C6FE2500038BA34 /* Security.framework */,
				23913DFA1C6FE2490038BA34 /* QuartzCore.framework */,
				23913DF81C6FE2440038BA34 /* CoreLocation.framework */,
				23913DF61C6FE23C0038BA34 /* CoreGraphics.framework */,
				23913DF41C6FE2360038BA34 /* CFNetwork.framework */,
				23913DF21C6FE2300038BA34 /* AudioToolbox.framework */,
				23913DEF1C6FE1E90038BA34 /* Parse.framework */,
				23913DEE1C6FE1E90038BA34 /* Bolts.framework */,
				C78FF813205CD7420EFA632B /* Pods.framework */,
			);
			name = Frameworks;
			sourceTree = "<group>";
		};
		23913DCB1C6FE1320038BA34 = {
			isa = PBXGroup;
			children = (
				23426A6C1C9B48AD00709C97 /* Frameworks */,
				23913E041C6FE26B0038BA34 /* libsqlite3.tbd */,
				23913E021C6FE2660038BA34 /* libz.tbd */,
				F1F486FCB90EFE86A00DEFDE /* Pods */,
				23913DD51C6FE1320038BA34 /* Products */,
				23D1056E1CA9AE990073A669 /* Unagi */,
			);
			sourceTree = "<group>";
		};
		23913DD51C6FE1320038BA34 /* Products */ = {
			isa = PBXGroup;
			children = (
				23913DD41C6FE1320038BA34 /* Unagi.app */,
			);
			name = Products;
			sourceTree = "<group>";
		};
		23D1056E1CA9AE990073A669 /* Unagi */ = {
			isa = PBXGroup;
			children = (
				23D1056F1CA9AE990073A669 /* AppDelegate.swift */,
				23D1057C1CA9AE990073A669 /* MainDatabases.xcdatamodeld */,
				23D105701CA9AE990073A669 /* Class */,
				23D1057E1CA9AE990073A669 /* DataTableViewCell.xib */,
				23D1057F1CA9AE990073A669 /* Extension */,
				23D105881CA9AE990073A669 /* Info.plist */,
				23D105891CA9AE990073A669 /* LaunchScreen.storyboard */,
				23D1058A1CA9AE990073A669 /* LaunchScreen.xib */,
				23D1058B1CA9AE990073A669 /* Main.storyboard */,
				23D1058C1CA9AE990073A669 /* Resources */,
				23D105B21CA9AE990073A669 /* SubContentsViewController.storyboard */,
				23D105B31CA9AE990073A669 /* View */,
				23D105B61CA9AE990073A669 /* ViewController */,
			);
			path = Unagi;
			sourceTree = "<group>";
		};
		23D105701CA9AE990073A669 /* Class */ = {
			isa = PBXGroup;
			children = (
				2301022A1CAF26B4005642F2 /* Website.swift */,
				2301022C1CAF26B4005642F2 /* Problem.swift */,
				230102351CAF270D005642F2 /* Utilities.swift */,
				2301022E1CAF26B4005642F2 /* Contest.swift */,
			);
			path = Class;
			sourceTree = "<group>";
		};
		23D1057F1CA9AE990073A669 /* Extension */ = {
			isa = PBXGroup;
			children = (
				23D105801CA9AE990073A669 /* String.swift */,
				23D105811CA9AE990073A669 /* UIApplication.swift */,
				23D105821CA9AE990073A669 /* UIColor.swift */,
				23D105831CA9AE990073A669 /* UIImage.swift */,
				23D105841CA9AE990073A669 /* UIImageView.swift */,
				23D105851CA9AE990073A669 /* UITableViewExtension.swift */,
				23D105861CA9AE990073A669 /* UIView.swift */,
				23D105871CA9AE990073A669 /* UIViewController.swift */,
			);
			path = Extension;
			sourceTree = "<group>";
		};
		23D1058C1CA9AE990073A669 /* Resources */ = {
			isa = PBXGroup;
			children = (
				23D1058D1CA9AE990073A669 /* calendarIcon.png */,
				23D1058E1CA9AE990073A669 /* Images.xcassets */,
				23D1058F1CA9AE990073A669 /* learderboard-29@3x.png */,
				23D105901CA9AE990073A669 /* none.jpg */,
				23D105911CA9AE990073A669 /* none.png */,
				23D105921CA9AE990073A669 /* note-29@3x.png */,
				23D105931CA9AE990073A669 /* read-29@3x.png */,
				23D105941CA9AE990073A669 /* similar-29@3x.png */,
				23D105951CA9AE990073A669 /* Website.csv */,
				23D105961CA9AE990073A669 /* Website_Logos */,
				23D105B11CA9AE990073A669 /* X_Logo.jpg */,
			);
			path = Resources;
			sourceTree = "<group>";
		};
		23D105961CA9AE990073A669 /* Website_Logos */ = {
			isa = PBXGroup;
			children = (
				23D105971CA9AE990073A669 /* ACM ICPC_Logo.png */,
				23D105981CA9AE990073A669 /* Al Zimmermann's_Logo.png */,
				23D105991CA9AE990073A669 /* COCI_Logo.png */,
				23D1059A1CA9AE990073A669 /* Codechef_Logo.png */,
				23D1059B1CA9AE990073A669 /* Codeforces_Logo.png */,
				23D1059C1CA9AE990073A669 /* CodeinGame_Logo.png */,
				23D1059D1CA9AE990073A669 /* CTF Time_Logo.png */,
				23D1059E1CA9AE990073A669 /* Deadline 24_Logo.gif */,
				23D1059F1CA9AE990073A669 /* DMOJ_Logo.png */,
				23D105A01CA9AE990073A669 /* Facebook Hackercup_Logo.png */,
				23D105A11CA9AE990073A669 /* Facebook_Logo.png */,
				23D105A21CA9AE990073A669 /* Google Codejam_Logo.png */,
				23D105A31CA9AE990073A669 /* Google Hashcode_Logo.png */,
				23D105A41CA9AE990073A669 /* HackerEarth_Logo.png */,
				23D105A51CA9AE990073A669 /* HackerRank_Logo.png */,
				23D105A61CA9AE990073A669 /* Infoarena_Logo.png */,
				23D105A71CA9AE990073A669 /* IOI_Logo.png */,
				23D105A81CA9AE990073A669 /* Light OJ_Logo.png */,
				23D105A91CA9AE990073A669 /* POI_Logo.png */,
				23D105AA1CA9AE990073A669 /* Project Euler_Logo.png */,
				23D105AB1CA9AE990073A669 /* SPOJ_Logo.png */,
				23D105AC1CA9AE990073A669 /* Timus OJ_Logo.png */,
				23D105AD1CA9AE990073A669 /* Topcoder_Logo.png */,
				23D105AE1CA9AE990073A669 /* USACO_logo.png */,
				23D105AF1CA9AE990073A669 /* UVa OJ_Logo.png */,
				23D105B01CA9AE990073A669 /* Yandex_Logo.png */,
			);
			path = Website_Logos;
			sourceTree = "<group>";
		};
		23D105B31CA9AE990073A669 /* View */ = {
			isa = PBXGroup;
			children = (
				23D105B41CA9AE990073A669 /* ImageHeaderView.swift */,
				23D105B51CA9AE990073A669 /* ImageHeaderView.xib */,
			);
			path = View;
			sourceTree = "<group>";
		};
		23D105B61CA9AE990073A669 /* ViewController */ = {
			isa = PBXGroup;
			children = (
				23D105B71CA9AE990073A669 /* BaseTableViewCell.swift */,
				23D105B81CA9AE990073A669 /* CFViewController.swift */,
				23D105B91CA9AE990073A669 /* ContestContentViewController.swift */,
				23D105BA1CA9AE990073A669 /* ContestTableViewCell.swift */,
				23D105BB1CA9AE990073A669 /* ContestTableViewController.swift */,
				23D105BC1CA9AE990073A669 /* DataTableViewCell.swift */,
				23D105BD1CA9AE990073A669 /* ExSlideMenuController.swift */,
				23D105BE1CA9AE990073A669 /* FilterTableViewCell.swift */,
				23D105BF1CA9AE990073A669 /* FilterTableViewController.swift */,
				23D105C01CA9AE990073A669 /* FriendsTableViewController.swift */,
				23D105C11CA9AE990073A669 /* GoViewController.swift */,
				23D105C21CA9AE990073A669 /* LeftViewController.swift */,
				23D105C31CA9AE990073A669 /* LoginViewController.swift */,
				23D105C41CA9AE990073A669 /* MainViewController.swift */,
				23D105C51CA9AE990073A669 /* NonMenuController.swift */,
				23D105C61CA9AE990073A669 /* NoteTakingVC.swift */,
				23D105C71CA9AE990073A669 /* ProblemStatementVC.swift */,
				23D105C81CA9AE990073A669 /* ProblemTabBarController.swift */,
				23D105C91CA9AE990073A669 /* ProblemViewController.swift */,
				23D105CA1CA9AE990073A669 /* RegisterViewController.swift */,
				23D105CB1CA9AE990073A669 /* RightViewController.swift */,
				03F8A5FE1CAD8A4C009C6106 /* SearchTableViewCell.swift */,
				23D105CC1CA9AE990073A669 /* SearchTableViewController.swift */,
				23D105CD1CA9AE990073A669 /* SearchViewController.swift */,
				23D105CE1CA9AE990073A669 /* SlideMenuController.swift */,
				23D105CF1CA9AE990073A669 /* SlideMenuControllerSwift.h */,
				23D105D01CA9AE990073A669 /* SubContentsViewController.swift */,
				23D105D11CA9AE990073A669 /* SwiftViewController.swift */,
			);
			path = ViewController;
			sourceTree = "<group>";
		};
		F1F486FCB90EFE86A00DEFDE /* Pods */ = {
			isa = PBXGroup;
			children = (
				C413E3F9A54F4AB95D3B95D5 /* Pods.debug.xcconfig */,
				E28B0303D47BAE529FD1BDE5 /* Pods.release.xcconfig */,
			);
			name = Pods;
			sourceTree = "<group>";
		};
/* End PBXGroup section */

/* Begin PBXNativeTarget section */
		23913DD31C6FE1320038BA34 /* Unagi */ = {
			isa = PBXNativeTarget;
			buildConfigurationList = 23913DEB1C6FE1320038BA34 /* Build configuration list for PBXNativeTarget "Unagi" */;
			buildPhases = (
				6874D4FE74E05B0B08490AA8 /* Check Pods Manifest.lock */,
				23913DD01C6FE1320038BA34 /* Sources */,
				23913DD11C6FE1320038BA34 /* Frameworks */,
				23913DD21C6FE1320038BA34 /* Resources */,
				0D776CCD1BC373E68694EF0D /* Embed Pods Frameworks */,
				F7BB0930F6470C437C777D61 /* Copy Pods Resources */,
			);
			buildRules = (
			);
			dependencies = (
			);
			name = Unagi;
			productName = "Competitive-Programming-Appp";
			productReference = 23913DD41C6FE1320038BA34 /* Unagi.app */;
			productType = "com.apple.product-type.application";
		};
/* End PBXNativeTarget section */

/* Begin PBXProject section */
		23913DCC1C6FE1320038BA34 /* Project object */ = {
			isa = PBXProject;
			attributes = {
				LastSwiftUpdateCheck = 0720;
				LastUpgradeCheck = 0720;
				ORGANIZATIONNAME = harungunaydin;
				TargetAttributes = {
					23913DD31C6FE1320038BA34 = {
						CreatedOnToolsVersion = 7.2.1;
						DevelopmentTeam = 59FM68U839;
					};
				};
			};
			buildConfigurationList = 23913DCF1C6FE1320038BA34 /* Build configuration list for PBXProject "Unagi" */;
			compatibilityVersion = "Xcode 3.2";
			developmentRegion = English;
			hasScannedForEncodings = 0;
			knownRegions = (
				en,
				Base,
			);
			mainGroup = 23913DCB1C6FE1320038BA34;
			productRefGroup = 23913DD51C6FE1320038BA34 /* Products */;
			projectDirPath = "";
			projectRoot = "";
			targets = (
				23913DD31C6FE1320038BA34 /* Unagi */,
			);
		};
/* End PBXProject section */

/* Begin PBXResourcesBuildPhase section */
		23913DD21C6FE1320038BA34 /* Resources */ = {
			isa = PBXResourcesBuildPhase;
			buildActionMask = 2147483647;
			files = (
				23D105E71CA9AE990073A669 /* LaunchScreen.xib in Resources */,
				23D105ED1CA9AE990073A669 /* none.png in Resources */,
				23D106031CA9AE990073A669 /* Light OJ_Logo.png in Resources */,
				23D1060F1CA9AE990073A669 /* ImageHeaderView.xib in Resources */,
				23D106071CA9AE990073A669 /* Timus OJ_Logo.png in Resources */,
				23D105F81CA9AE990073A669 /* CTF Time_Logo.png in Resources */,
				23D105F51CA9AE990073A669 /* Codechef_Logo.png in Resources */,
				23D105FD1CA9AE990073A669 /* Google Codejam_Logo.png in Resources */,
				23D105EE1CA9AE990073A669 /* note-29@3x.png in Resources */,
				23D105EC1CA9AE990073A669 /* none.jpg in Resources */,
				23D105F71CA9AE990073A669 /* CodeinGame_Logo.png in Resources */,
				23D105F21CA9AE990073A669 /* ACM ICPC_Logo.png in Resources */,
				23D105F11CA9AE990073A669 /* Website.csv in Resources */,
				23D106011CA9AE990073A669 /* Infoarena_Logo.png in Resources */,
				23D105F41CA9AE990073A669 /* COCI_Logo.png in Resources */,
				23D105FE1CA9AE990073A669 /* Google Hashcode_Logo.png in Resources */,
				23D105EF1CA9AE990073A669 /* read-29@3x.png in Resources */,
				23D105EA1CA9AE990073A669 /* Images.xcassets in Resources */,
				23D106061CA9AE990073A669 /* SPOJ_Logo.png in Resources */,
				23D106001CA9AE990073A669 /* HackerRank_Logo.png in Resources */,
				23D106021CA9AE990073A669 /* IOI_Logo.png in Resources */,
				23D105EB1CA9AE990073A669 /* learderboard-29@3x.png in Resources */,
				23D1060D1CA9AE990073A669 /* SubContentsViewController.storyboard in Resources */,
				23D106051CA9AE990073A669 /* Project Euler_Logo.png in Resources */,
				23D105F31CA9AE990073A669 /* Al Zimmermann's_Logo.png in Resources */,
				23D105FF1CA9AE990073A669 /* HackerEarth_Logo.png in Resources */,
				23D105E61CA9AE990073A669 /* LaunchScreen.storyboard in Resources */,
				23D106041CA9AE990073A669 /* POI_Logo.png in Resources */,
				23D106091CA9AE990073A669 /* USACO_logo.png in Resources */,
				23D105E81CA9AE990073A669 /* Main.storyboard in Resources */,
				23D105FB1CA9AE990073A669 /* Facebook Hackercup_Logo.png in Resources */,
				23D105F61CA9AE990073A669 /* Codeforces_Logo.png in Resources */,
				23D1060C1CA9AE990073A669 /* X_Logo.jpg in Resources */,
				23D105FA1CA9AE990073A669 /* DMOJ_Logo.png in Resources */,
				23D105DC1CA9AE990073A669 /* DataTableViewCell.xib in Resources */,
				23D105F91CA9AE990073A669 /* Deadline 24_Logo.gif in Resources */,
				23D105E91CA9AE990073A669 /* calendarIcon.png in Resources */,
				23D106081CA9AE990073A669 /* Topcoder_Logo.png in Resources */,
				23D1060B1CA9AE990073A669 /* Yandex_Logo.png in Resources */,
				23D105F01CA9AE990073A669 /* similar-29@3x.png in Resources */,
				23D105FC1CA9AE990073A669 /* Facebook_Logo.png in Resources */,
				23D105E51CA9AE990073A669 /* Info.plist in Resources */,
				23D1060A1CA9AE990073A669 /* UVa OJ_Logo.png in Resources */,
			);
			runOnlyForDeploymentPostprocessing = 0;
		};
/* End PBXResourcesBuildPhase section */

/* Begin PBXShellScriptBuildPhase section */
		0D776CCD1BC373E68694EF0D /* Embed Pods Frameworks */ = {
			isa = PBXShellScriptBuildPhase;
			buildActionMask = 2147483647;
			files = (
			);
			inputPaths = (
			);
			name = "Embed Pods Frameworks";
			outputPaths = (
			);
			runOnlyForDeploymentPostprocessing = 0;
			shellPath = /bin/sh;
			shellScript = "\"${SRCROOT}/Pods/Target Support Files/Pods/Pods-frameworks.sh\"\n";
			showEnvVarsInLog = 0;
		};
		6874D4FE74E05B0B08490AA8 /* Check Pods Manifest.lock */ = {
			isa = PBXShellScriptBuildPhase;
			buildActionMask = 2147483647;
			files = (
			);
			inputPaths = (
			);
			name = "Check Pods Manifest.lock";
			outputPaths = (
			);
			runOnlyForDeploymentPostprocessing = 0;
			shellPath = /bin/sh;
			shellScript = "diff \"${PODS_ROOT}/../Podfile.lock\" \"${PODS_ROOT}/Manifest.lock\" > /dev/null\nif [[ $? != 0 ]] ; then\n    cat << EOM\nerror: The sandbox is not in sync with the Podfile.lock. Run 'pod install' or update your CocoaPods installation.\nEOM\n    exit 1\nfi\n";
			showEnvVarsInLog = 0;
		};
		F7BB0930F6470C437C777D61 /* Copy Pods Resources */ = {
			isa = PBXShellScriptBuildPhase;
			buildActionMask = 2147483647;
			files = (
			);
			inputPaths = (
			);
			name = "Copy Pods Resources";
			outputPaths = (
			);
			runOnlyForDeploymentPostprocessing = 0;
			shellPath = /bin/sh;
			shellScript = "\"${SRCROOT}/Pods/Target Support Files/Pods/Pods-resources.sh\"\n";
			showEnvVarsInLog = 0;
		};
/* End PBXShellScriptBuildPhase section */

/* Begin PBXSourcesBuildPhase section */
		23913DD01C6FE1320038BA34 /* Sources */ = {
			isa = PBXSourcesBuildPhase;
			buildActionMask = 2147483647;
			files = (
				23D106241CA9AE990073A669 /* RightViewController.swift in Sources */,
				23D105DE1CA9AE990073A669 /* UIApplication.swift in Sources */,
				23D105DF1CA9AE990073A669 /* UIColor.swift in Sources */,
				23D1060E1CA9AE990073A669 /* ImageHeaderView.swift in Sources */,
				23D106221CA9AE990073A669 /* ProblemViewController.swift in Sources */,
				23D106271CA9AE990073A669 /* SlideMenuController.swift in Sources */,
				23D106101CA9AE990073A669 /* BaseTableViewCell.swift in Sources */,
				23D106291CA9AE990073A669 /* SwiftViewController.swift in Sources */,
				23D106171CA9AE990073A669 /* FilterTableViewCell.swift in Sources */,
				230102341CAF26B4005642F2 /* Contest.swift in Sources */,
				230102361CAF270D005642F2 /* Utilities.swift in Sources */,
				23D1061F1CA9AE990073A669 /* NoteTakingVC.swift in Sources */,
				23D106121CA9AE990073A669 /* ContestContentViewController.swift in Sources */,
				23D1061D1CA9AE990073A669 /* MainViewController.swift in Sources */,
				230102321CAF26B4005642F2 /* Problem.swift in Sources */,
				23D105E41CA9AE990073A669 /* UIViewController.swift in Sources */,
				23D106231CA9AE990073A669 /* RegisterViewController.swift in Sources */,
				23D106161CA9AE990073A669 /* ExSlideMenuController.swift in Sources */,
				23D106261CA9AE990073A669 /* SearchViewController.swift in Sources */,
				23D105DB1CA9AE990073A669 /* MainDatabases.xcdatamodeld in Sources */,
				23D106211CA9AE990073A669 /* ProblemTabBarController.swift in Sources */,
				23D106201CA9AE990073A669 /* ProblemStatementVC.swift in Sources */,
				23D106281CA9AE990073A669 /* SubContentsViewController.swift in Sources */,
				23D105D21CA9AE990073A669 /* AppDelegate.swift in Sources */,
				23D106111CA9AE990073A669 /* CFViewController.swift in Sources */,
				230102301CAF26B4005642F2 /* Website.swift in Sources */,
				23D105E01CA9AE990073A669 /* UIImage.swift in Sources */,
				23D106191CA9AE990073A669 /* FriendsTableViewController.swift in Sources */,
				23D105E21CA9AE990073A669 /* UITableViewExtension.swift in Sources */,
				23D105E11CA9AE990073A669 /* UIImageView.swift in Sources */,
				23D106131CA9AE990073A669 /* ContestTableViewCell.swift in Sources */,
				23D105DD1CA9AE990073A669 /* String.swift in Sources */,
				23D1061C1CA9AE990073A669 /* LoginViewController.swift in Sources */,
				23D106251CA9AE990073A669 /* SearchTableViewController.swift in Sources */,
				23D1061E1CA9AE990073A669 /* NonMenuController.swift in Sources */,
				23D105E31CA9AE990073A669 /* UIView.swift in Sources */,
				03F8A5FF1CAD8A4C009C6106 /* SearchTableViewCell.swift in Sources */,
				23D1061A1CA9AE990073A669 /* GoViewController.swift in Sources */,
				23D106181CA9AE990073A669 /* FilterTableViewController.swift in Sources */,
				23D1061B1CA9AE990073A669 /* LeftViewController.swift in Sources */,
				23D106141CA9AE990073A669 /* ContestTableViewController.swift in Sources */,
				23D106151CA9AE990073A669 /* DataTableViewCell.swift in Sources */,
			);
			runOnlyForDeploymentPostprocessing = 0;
		};
/* End PBXSourcesBuildPhase section */

/* Begin XCBuildConfiguration section */
		23913DE91C6FE1320038BA34 /* Debug */ = {
			isa = XCBuildConfiguration;
			buildSettings = {
				ALWAYS_SEARCH_USER_PATHS = NO;
				CLANG_CXX_LANGUAGE_STANDARD = "gnu++0x";
				CLANG_CXX_LIBRARY = "libc++";
				CLANG_ENABLE_MODULES = YES;
				CLANG_ENABLE_OBJC_ARC = YES;
				CLANG_WARN_BOOL_CONVERSION = YES;
				CLANG_WARN_CONSTANT_CONVERSION = YES;
				CLANG_WARN_DIRECT_OBJC_ISA_USAGE = YES_ERROR;
				CLANG_WARN_EMPTY_BODY = YES;
				CLANG_WARN_ENUM_CONVERSION = YES;
				CLANG_WARN_INT_CONVERSION = YES;
				CLANG_WARN_OBJC_ROOT_CLASS = YES_ERROR;
				CLANG_WARN_UNREACHABLE_CODE = YES;
				CLANG_WARN__DUPLICATE_METHOD_MATCH = YES;
				"CODE_SIGN_IDENTITY[sdk=iphoneos*]" = "iPhone Developer";
				COPY_PHASE_STRIP = NO;
				DEBUG_INFORMATION_FORMAT = dwarf;
				ENABLE_STRICT_OBJC_MSGSEND = YES;
				ENABLE_TESTABILITY = YES;
				GCC_C_LANGUAGE_STANDARD = gnu99;
				GCC_DYNAMIC_NO_PIC = NO;
				GCC_NO_COMMON_BLOCKS = YES;
				GCC_OPTIMIZATION_LEVEL = 0;
				GCC_PREPROCESSOR_DEFINITIONS = (
					"DEBUG=1",
					"$(inherited)",
				);
				GCC_WARN_64_TO_32_BIT_CONVERSION = YES;
				GCC_WARN_ABOUT_RETURN_TYPE = YES_ERROR;
				GCC_WARN_UNDECLARED_SELECTOR = YES;
				GCC_WARN_UNINITIALIZED_AUTOS = YES_AGGRESSIVE;
				GCC_WARN_UNUSED_FUNCTION = YES;
				GCC_WARN_UNUSED_VARIABLE = YES;
				IPHONEOS_DEPLOYMENT_TARGET = 9.3;
				MTL_ENABLE_DEBUG_INFO = YES;
				ONLY_ACTIVE_ARCH = YES;
				SDKROOT = iphoneos;
				SWIFT_OPTIMIZATION_LEVEL = "-Onone";
			};
			name = Debug;
		};
		23913DEA1C6FE1320038BA34 /* Release */ = {
			isa = XCBuildConfiguration;
			buildSettings = {
				ALWAYS_SEARCH_USER_PATHS = NO;
				CLANG_CXX_LANGUAGE_STANDARD = "gnu++0x";
				CLANG_CXX_LIBRARY = "libc++";
				CLANG_ENABLE_MODULES = YES;
				CLANG_ENABLE_OBJC_ARC = YES;
				CLANG_WARN_BOOL_CONVERSION = YES;
				CLANG_WARN_CONSTANT_CONVERSION = YES;
				CLANG_WARN_DIRECT_OBJC_ISA_USAGE = YES_ERROR;
				CLANG_WARN_EMPTY_BODY = YES;
				CLANG_WARN_ENUM_CONVERSION = YES;
				CLANG_WARN_INT_CONVERSION = YES;
				CLANG_WARN_OBJC_ROOT_CLASS = YES_ERROR;
				CLANG_WARN_UNREACHABLE_CODE = YES;
				CLANG_WARN__DUPLICATE_METHOD_MATCH = YES;
				"CODE_SIGN_IDENTITY[sdk=iphoneos*]" = "iPhone Developer";
				COPY_PHASE_STRIP = NO;
				DEBUG_INFORMATION_FORMAT = "dwarf-with-dsym";
				ENABLE_NS_ASSERTIONS = NO;
				ENABLE_STRICT_OBJC_MSGSEND = YES;
				GCC_C_LANGUAGE_STANDARD = gnu99;
				GCC_NO_COMMON_BLOCKS = YES;
				GCC_WARN_64_TO_32_BIT_CONVERSION = YES;
				GCC_WARN_ABOUT_RETURN_TYPE = YES_ERROR;
				GCC_WARN_UNDECLARED_SELECTOR = YES;
				GCC_WARN_UNINITIALIZED_AUTOS = YES_AGGRESSIVE;
				GCC_WARN_UNUSED_FUNCTION = YES;
				GCC_WARN_UNUSED_VARIABLE = YES;
				IPHONEOS_DEPLOYMENT_TARGET = 9.3;
				MTL_ENABLE_DEBUG_INFO = NO;
				SDKROOT = iphoneos;
				VALIDATE_PRODUCT = YES;
			};
			name = Release;
		};
		23913DEC1C6FE1320038BA34 /* Debug */ = {
			isa = XCBuildConfiguration;
			baseConfigurationReference = C413E3F9A54F4AB95D3B95D5 /* Pods.debug.xcconfig */;
			buildSettings = {
				ASSETCATALOG_COMPILER_APPICON_NAME = AppIcon;
				CODE_SIGN_IDENTITY = "iPhone Developer";
				"CODE_SIGN_IDENTITY[sdk=iphoneos*]" = "iPhone Developer";
				FRAMEWORK_SEARCH_PATHS = (
					"$(inherited)",
					"$(PROJECT_DIR)",
				);
				INFOPLIST_FILE = "$(SRCROOT)/Unagi/Info.plist";
				IPHONEOS_DEPLOYMENT_TARGET = 9.2;
				LD_RUNPATH_SEARCH_PATHS = "$(inherited) @executable_path/Frameworks";
				PRODUCT_BUNDLE_IDENTIFIER = "com.Unagi.ikbalanharun.Unagi-App";
				PRODUCT_NAME = Unagi;
				PROVISIONING_PROFILE = "";
			};
			name = Debug;
		};
		23913DED1C6FE1320038BA34 /* Release */ = {
			isa = XCBuildConfiguration;
			baseConfigurationReference = E28B0303D47BAE529FD1BDE5 /* Pods.release.xcconfig */;
			buildSettings = {
				ASSETCATALOG_COMPILER_APPICON_NAME = AppIcon;
				CODE_SIGN_IDENTITY = "iPhone Developer";
				"CODE_SIGN_IDENTITY[sdk=iphoneos*]" = "iPhone Developer";
				FRAMEWORK_SEARCH_PATHS = (
					"$(inherited)",
					"$(PROJECT_DIR)",
				);
				INFOPLIST_FILE = "$(SRCROOT)/Unagi/Info.plist";
				IPHONEOS_DEPLOYMENT_TARGET = 9.2;
				LD_RUNPATH_SEARCH_PATHS = "$(inherited) @executable_path/Frameworks";
				PRODUCT_BUNDLE_IDENTIFIER = "com.Unagi.ikbalanharun.Unagi-App";
				PRODUCT_NAME = Unagi;
				PROVISIONING_PROFILE = "";
			};
			name = Release;
		};
/* End XCBuildConfiguration section */

/* Begin XCConfigurationList section */
		23913DCF1C6FE1320038BA34 /* Build configuration list for PBXProject "Unagi" */ = {
			isa = XCConfigurationList;
			buildConfigurations = (
				23913DE91C6FE1320038BA34 /* Debug */,
				23913DEA1C6FE1320038BA34 /* Release */,
			);
			defaultConfigurationIsVisible = 0;
			defaultConfigurationName = Release;
		};
		23913DEB1C6FE1320038BA34 /* Build configuration list for PBXNativeTarget "Unagi" */ = {
			isa = XCConfigurationList;
			buildConfigurations = (
				23913DEC1C6FE1320038BA34 /* Debug */,
				23913DED1C6FE1320038BA34 /* Release */,
			);
			defaultConfigurationIsVisible = 0;
			defaultConfigurationName = Release;
		};
/* End XCConfigurationList section */

/* Begin XCVersionGroup section */
		23D1057C1CA9AE990073A669 /* MainDatabases.xcdatamodeld */ = {
			isa = XCVersionGroup;
			children = (
				23D1057D1CA9AE990073A669 /* MainDatabases.xcdatamodel */,
			);
			currentVersion = 23D1057D1CA9AE990073A669 /* MainDatabases.xcdatamodel */;
			name = MainDatabases.xcdatamodeld;
			path = "Data Models/MainDatabases.xcdatamodeld";
			sourceTree = "<group>";
			versionGroupType = wrapper.xcdatamodel;
		};
/* End XCVersionGroup section */
	};
	rootObject = 23913DCC1C6FE1320038BA34 /* Project object */;
}
